
Microsoft Visual Studio Solution File, Format Version 12.00
# Visual Studio 2013
VisualStudioVersion = 12.0.40629.0
MinimumVisualStudioVersion = 10.0.40219.1
Project("{FAE04EC0-301F-11D3-BF4B-00C04F79EFBC}") = "AplicacoesparaTeste", "AplicacoesparaTeste\AplicacoesparaTeste.csproj", "{4A8B65F0-0DEB-4419-9B38-172CDCE0D218}"
EndProject
Project("{2150E333-8FDC-42A3-9474-1A3956D46DE8}") = ".nuget", ".nuget", "{52B18E32-620D-4AEF-80C5-A60AEC506552}"
	ProjectSection(SolutionItems) = preProject
		.nuget\packages.config = .nuget\packages.config
	EndProjectSection
EndProject
Global
	GlobalSection(SolutionConfigurationPlatforms) = preSolution
		Debug|Any CPU = Debug|Any CPU
		Release|Any CPU = Release|Any CPU
	EndGlobalSection
	GlobalSection(ProjectConfigurationPlatforms) = postSolution
		{4A8B65F0-0DEB-4419-9B38-172CDCE0D218}.Debug|Any CPU.ActiveCfg = Debug|Any CPU
		{4A8B65F0-0DEB-4419-9B38-172CDCE0D218}.Debug|Any CPU.Build.0 = Debug|Any CPU
		{4A8B65F0-0DEB-4419-9B38-172CDCE0D218}.Release|Any CPU.ActiveCfg = Release|Any CPU
		{4A8B65F0-0DEB-4419-9B38-172CDCE0D218}.Release|Any CPU.Build.0 = Release|Any CPU
	EndGlobalSection
	GlobalSection(SolutionProperties) = preSolution
		HideSolutionNode = FALSE
	EndGlobalSection
EndGlobal
